
Microsoft Visual Studio Solution File, Format Version 12.00
# Visual Studio 15
VisualStudioVersion = 15.0.28307.1300
MinimumVisualStudioVersion = 10.0.40219.1
Project("{E24C65DC-7377-472B-9ABA-BC803B73C61A}") = "Yemek_Tarifleri_Sitem", "Yemek_Tarifleri_Sitem\", "{AB9D8D68-C330-45DC-B307-848C95964782}"
	ProjectSection(WebsiteProperties) = preProject
		TargetFrameworkMoniker = ".NETFramework,Version%3Dv4.6.1"
		Debug.AspNetCompiler.VirtualPath = "/localhost_59706"
		Debug.AspNetCompiler.PhysicalPath = "Yemek_Tarifleri_Sitem\"
		Debug.AspNetCompiler.TargetPath = "PrecompiledWeb\localhost_59706\"
		Debug.AspNetCompiler.Updateable = "true"
		Debug.AspNetCompiler.ForceOverwrite = "true"
		Debug.AspNetCompiler.FixedNames = "false"
		Debug.AspNetCompiler.Debug = "True"
		Release.AspNetCompiler.VirtualPath = "/localhost_59706"
		Release.AspNetCompiler.PhysicalPath = "Yemek_Tarifleri_Sitem\"
		Release.AspNetCompiler.TargetPath = "PrecompiledWeb\localhost_59706\"
		Release.AspNetCompiler.Updateable = "true"
		Release.AspNetCompiler.ForceOverwrite = "true"
		Release.AspNetCompiler.FixedNames = "false"
		Release.AspNetCompiler.Debug = "False"
		VWDPort = "59706"
		SlnRelativePath = "Yemek_Tarifleri_Sitem\"
		DefaultWebSiteLanguage = "Visual C#"
	EndProjectSection
EndProject
Global
	GlobalSection(SolutionConfigurationPlatforms) = preSolution
		Debug|Any CPU = Debug|Any CPU
	EndGlobalSection
	GlobalSection(ProjectConfigurationPlatforms) = postSolution
		{AB9D8D68-C330-45DC-B307-848C95964782}.Debug|Any CPU.ActiveCfg = Debug|Any CPU
		{AB9D8D68-C330-45DC-B307-848C95964782}.Debug|Any CPU.Build.0 = Debug|Any CPU
	EndGlobalSection
	GlobalSection(SolutionProperties) = preSolution
		HideSolutionNode = FALSE
	EndGlobalSection
	GlobalSection(ExtensibilityGlobals) = postSolution
		SolutionGuid = {F1950079-28CB-4936-B074-59F51C539904}
	EndGlobalSection
EndGlobal
